hash: 81f4a111448f81c664f3b5d3c01c163090c8ad5823a5827bbaf7007eb2bbb500
updated: 2017-09-17T02:45:07.291657709-04:00
imports:
- name: github.com/franela/goblin
  version: 74c9fe110d4bfd04c222a089a309e0a97e258534
- name: github.com/gedex/inflector
  version: 046f2c31204676e3623730ee70fd0964e05822e7
- name: github.com/mattn/go-isatty
  version: 56b76bdf51f7708750eac80fa38b952bb9f32639
- name: github.com/mattn/go-sqlite3
  version: ca5e3819723d8eeaf170ad510e7da1d6d2e94a08
- name: github.com/vbauerster/mpb
  version: d99a1af798365748126d750fb9e4b0cbd933a634
  subpackages:
  - cwriter
  - decor
- name: golang.org/x/net
  version: 8e573f4005aa312856df2ea97c32b9beac70dd89
  subpackages:
  - context
- name: golang.org/x/sys
  version: 62bee037599929a6e9146f29d10dd5208c43507d
  subpackages:
  - unix
testImports: []
