hash: 661ac93184f42db03d4a428524b5fb7cdf256d0a14083f8c952f4016f3f96769
updated: 2017-10-30T15:54:15.912436486-04:00
imports:
- name: github.com/franela/goblin
  version: 74c9fe110d4bfd04c222a089a309e0a97e258534
- name: github.com/gedex/inflector
  version: 046f2c31204676e3623730ee70fd0964e05822e7
- name: github.com/vbauerster/mpb
  version: d99a1af798365748126d750fb9e4b0cbd933a634
  subpackages:
  - cwriter
  - decor
testImports: []
