hash: 2c6ad7734d5f437fb24cd9f57ed467361d09379b817cbf3336b029872ab3a7e6
updated: 2017-09-15T15:42:03.906225765-04:00
imports:
- name: github.com/gedex/inflector
  version: 046f2c31204676e3623730ee70fd0964e05822e7
- name: github.com/mattn/go-isatty
  version: 56b76bdf51f7708750eac80fa38b952bb9f32639
- name: github.com/vbauerster/mpb
  version: d99a1af798365748126d750fb9e4b0cbd933a634
  subpackages:
  - cwriter
  - decor
- name: golang.org/x/sys
  version: 62bee037599929a6e9146f29d10dd5208c43507d
  subpackages:
  - unix
testImports: []
