github.com/VividCortex/ewma v0.0.0-20170804035156-43880d236f69 h1:/0LSPbTWKYz5iij0hTaRfKuQOXCQqnUREr/D+ah9PCQ=
github.com/VividCortex/ewma v0.0.0-20170804035156-43880d236f69/go.mod h1:2Tkkvm3sRDVXaiyucHiACn4cqf7DpdyLvmxzcbUokwA=
github.com/dustin/go-humanize v0.0.0-20171111073723-bb3d318650d4 h1:qk/FSDDxo05wdJH28W+p5yivv7LuLYLRXPPD8KQCtZs=
github.com/dustin/go-humanize v0.0.0-20171111073723-bb3d318650d4/go.mod h1:HtrtbFcZ19U5GC7JDqmcUSB87Iq5E25KnS6fMYU6eOk=
github.com/franela/goblin v0.0.0-20180407132755-cd5d08fb4ede h1:7xeyXGhglRmH/zT+5dgsjB5zu/NVJgZn4WrIB9vYcFE=
github.com/franela/goblin v0.0.0-20180407132755-cd5d08fb4ede/go.mod h1:7dvUGVsVBjqR7JHJk0brhHOZYGmfBYOrK0ZhYMEtBr4=
github.com/gedex/inflector v0.0.0-20161103042756-046f2c312046 h1:OQy/xQddsHKQRw8LLWqwbEGqpKUryifVT1d778TQR0Q=
github.com/gedex/inflector v0.0.0-20161103042756-046f2c312046/go.mod h1:P+oSoE9yhSRvsmYyZsshflcR6ePWYLql6UU1amW13IM=
github.com/lib/pq v0.0.0-20171022192043-b609790bd85e/go.mod h1:5WUZQaWbwv1U+lTReE5YruASi9Al49XbQIvNi/34Woo=
github.com/mattn/go-isatty v0.0.0-20151211000621-56b76bdf51f7 h1:owMyzMR4QR+jSdlfkX9jPU3rsby4++j99BfbtgVr6ZY=
github.com/mattn/go-isatty v0.0.0-20151211000621-56b76bdf51f7/go.mod h1:M+lRXTBqGeGNdLjl/ufCoiOlB5xdOkqRJdNxMWT7Zi4=
github.com/mattn/go-sqlite3 v1.2.0/go.mod h1:FPy6KqzDD04eiIsT53CuJW3U88zkxoIYsOqkbpncsNc=
github.com/vbauerster/mpb v3.3.2+incompatible h1:IAXNkJBpRdoXCjjReAELWPon+JDp+7wpDUKKh6MyJdQ=
github.com/vbauerster/mpb v3.3.2+incompatible/go.mod h1:zAHG26FUhVKETRu+MWqYXcI70POlC6N8up9p1dID7SU=
golang.org/x/crypto v0.0.0-20161019071413-c367d6eeb7c6 h1:wAP4Q/Cddgk3olGc3LN2nRkFoe0GNRV6rFfadb2JGkY=
golang.org/x/crypto v0.0.0-20161019071413-c367d6eeb7c6/go.mod h1:6SG95UA2DQfeDnfUPMdvaQW0Q7yPrPDi9nlGo2tz2b4=
golang.org/x/net v0.0.0-20160629225444-8e573f4005aa/go.mod h1:mL1N/T3taQHkDXs73rZJwtUhF3w3ftmwwsq0BUmARs4=
golang.org/x/sys v0.0.0-20160615012701-62bee0375999/go.mod h1:STP8DvDyc/dI5b8T5hshtkjS+E42TnysNCUPdjciGhY=
